// !$*UTF8*$!
{
	archiveVersion = 1;
	classes = {
	};
	objectVersion = 55;
	objects = {

/* Begin PBXBuildFile section */
		632257BC29B303C800D98430 /* AppDelegate.swift in Sources */ = {isa = PBXBuildFile; fileRef = 632257BB29B303C800D98430 /* AppDelegate.swift */; };
		632257BE29B303C800D98430 /* SceneDelegate.swift in Sources */ = {isa = PBXBuildFile; fileRef = 632257BD29B303C800D98430 /* SceneDelegate.swift */; };
		632257C029B303C800D98430 /* ViewController.swift in Sources */ = {isa = PBXBuildFile; fileRef = 632257BF29B303C800D98430 /* ViewController.swift */; };
		632257C329B303C800D98430 /* Main.storyboard in Resources */ = {isa = PBXBuildFile; fileRef = 632257C129B303C800D98430 /* Main.storyboard */; };
		632257C529B303CA00D98430 /* Assets.xcassets in Resources */ = {isa = PBXBuildFile; fileRef = 632257C429B303CA00D98430 /* Assets.xcassets */; };
		632257C829B303CA00D98430 /* LaunchScreen.storyboard in Resources */ = {isa = PBXBuildFile; fileRef = 632257C629B303CA00D98430 /* LaunchScreen.storyboard */; };
		F7846147C1D59079F3D65C57 /* Pods_example_ci_cd.framework in Frameworks */ = {isa = PBXBuildFile; fileRef = 6DB0DFEFAA2F3EB76E9212A2 /* Pods_example_ci_cd.framework */; };
/* End PBXBuildFile section */

/* Begin PBXFileReference section */
		46CA98846E941DEFDE500E72 /* Pods-example-ci-cd.release.xcconfig */ = {isa = PBXFileReference; includeInIndex = 1; lastKnownFileType = text.xcconfig; name = "Pods-example-ci-cd.release.xcconfig"; path = "Target Support Files/Pods-example-ci-cd/Pods-example-ci-cd.release.xcconfig"; sourceTree = "<group>"; };
		632257B829B303C800D98430 /* example-ci-cd.app */ = {isa = PBXFileReference; explicitFileType = wrapper.application; includeInIndex = 0; path = "example-ci-cd.app"; sourceTree = BUILT_PRODUCTS_DIR; };
		632257BB29B303C800D98430 /* AppDelegate.swift */ = {isa = PBXFileReference; lastKnownFileType = sourcecode.swift; path = AppDelegate.swift; sourceTree = "<group>"; };
		632257BD29B303C800D98430 /* SceneDelegate.swift */ = {isa = PBXFileReference; lastKnownFileType = sourcecode.swift; path = SceneDelegate.swift; sourceTree = "<group>"; };
		632257BF29B303C800D98430 /* ViewController.swift */ = {isa = PBXFileReference; lastKnownFileType = sourcecode.swift; path = ViewController.swift; sourceTree = "<group>"; };
		632257C229B303C800D98430 /* Base */ = {isa = PBXFileReference; lastKnownFileType = file.storyboard; name = Base; path = Base.lproj/Main.storyboard; sourceTree = "<group>"; };
		632257C429B303CA00D98430 /* Assets.xcassets */ = {isa = PBXFileReference; lastKnownFileType = folder.assetcatalog; path = Assets.xcassets; sourceTree = "<group>"; };
		632257C729B303CA00D98430 /* Base */ = {isa = PBXFileReference; lastKnownFileType = file.storyboard; name = Base; path = Base.lproj/LaunchScreen.storyboard; sourceTree = "<group>"; };
		632257C929B303CA00D98430 /* Info.plist */ = {isa = PBXFileReference; lastKnownFileType = text.plist.xml; path = Info.plist; sourceTree = "<group>"; };
		6DB0DFEFAA2F3EB76E9212A2 /* Pods_example_ci_cd.framework */ = {isa = PBXFileReference; explicitFileType = wrapper.framework; includeInIndex = 0; path = Pods_example_ci_cd.framework; sourceTree = BUILT_PRODUCTS_DIR; };
		7385AD2F3607E94C56694BF0 /* Pods-example-ci-cd.debug.xcconfig */ = {isa = PBXFileReference; includeInIndex = 1; lastKnownFileType = text.xcconfig; name = "Pods-example-ci-cd.debug.xcconfig"; path = "Target Support Files/Pods-example-ci-cd/Pods-example-ci-cd.debug.xcconfig"; sourceTree = "<group>"; };
/* End PBXFileReference section */

/* Begin PBXFrameworksBuildPhase section */
		632257B529B303C800D98430 /* Frameworks */ = {
			isa = PBXFrameworksBuildPhase;
			buildActionMask = 2147483647;
			files = (
				F7846147C1D59079F3D65C57 /* Pods_example_ci_cd.framework in Frameworks */,
			);
			runOnlyForDeploymentPostprocessing = 0;
		};
/* End PBXFrameworksBuildPhase section */

/* Begin PBXGroup section */
		632257AF29B303C800D98430 = {
			isa = PBXGroup;
			children = (
				632257BA29B303C800D98430 /* example-ci-cd */,
				632257B929B303C800D98430 /* Products */,
				9A0856579BC6175C2182B8E0 /* Pods */,
				C867275A8CB1E5725E11CFC1 /* Frameworks */,
			);
			sourceTree = "<group>";
		};
		632257B929B303C800D98430 /* Products */ = {
			isa = PBXGroup;
			children = (
				632257B829B303C800D98430 /* example-ci-cd.app */,
			);
			name = Products;
			sourceTree = "<group>";
		};
		632257BA29B303C800D98430 /* example-ci-cd */ = {
			isa = PBXGroup;
			children = (
				632257BB29B303C800D98430 /* AppDelegate.swift */,
				632257BD29B303C800D98430 /* SceneDelegate.swift */,
				632257BF29B303C800D98430 /* ViewController.swift */,
				632257C129B303C800D98430 /* Main.storyboard */,
				632257C429B303CA00D98430 /* Assets.xcassets */,
				632257C629B303CA00D98430 /* LaunchScreen.storyboard */,
				632257C929B303CA00D98430 /* Info.plist */,
			);
			path = "example-ci-cd";
			sourceTree = "<group>";
		};
		9A0856579BC6175C2182B8E0 /* Pods */ = {
			isa = PBXGroup;
			children = (
				7385AD2F3607E94C56694BF0 /* Pods-example-ci-cd.debug.xcconfig */,
				46CA98846E941DEFDE500E72 /* Pods-example-ci-cd.release.xcconfig */,
			);
			name = Pods;
			path = Pods;
			sourceTree = "<group>";
		};
		C867275A8CB1E5725E11CFC1 /* Frameworks */ = {
			isa = PBXGroup;
			children = (
				6DB0DFEFAA2F3EB76E9212A2 /* Pods_example_ci_cd.framework */,
			);
			name = Frameworks;
			sourceTree = "<group>";
		};
/* End PBXGroup section */

/* Begin PBXNativeTarget section */
		632257B729B303C800D98430 /* example-ci-cd */ = {
			isa = PBXNativeTarget;
			buildConfigurationList = 632257CC29B303CA00D98430 /* Build configuration list for PBXNativeTarget "example-ci-cd" */;
			buildPhases = (
				A327349CB12920EFB43038A9 /* [CP] Check Pods Manifest.lock */,
				632257B429B303C800D98430 /* Sources */,
				632257B529B303C800D98430 /* Frameworks */,
				632257B629B303C800D98430 /* Resources */,
				835D0EFE695CD390EF678654 /* [CP] Embed Pods Frameworks */,
			);
			buildRules = (
			);
			dependencies = (
			);
			name = "example-ci-cd";
			productName = "example-ci-cd";
			productReference = 632257B829B303C800D98430 /* example-ci-cd.app */;
			productType = "com.apple.product-type.application";
		};
/* End PBXNativeTarget section */

/* Begin PBXProject section */
		632257B029B303C800D98430 /* Project object */ = {
			isa = PBXProject;
			attributes = {
				BuildIndependentTargetsInParallel = 1;
				LastSwiftUpdateCheck = 1320;
				LastUpgradeCheck = 1320;
				TargetAttributes = {
					632257B729B303C800D98430 = {
						CreatedOnToolsVersion = 13.2.1;
					};
				};
			};
			buildConfigurationList = 632257B329B303C800D98430 /* Build configuration list for PBXProject "example-ci-cd" */;
			compatibilityVersion = "Xcode 13.0";
			developmentRegion = en;
			hasScannedForEncodings = 0;
			knownRegions = (
				en,
				Base,
			);
			mainGroup = 632257AF29B303C800D98430;
			productRefGroup = 632257B929B303C800D98430 /* Products */;
			projectDirPath = "";
			projectRoot = "";
			targets = (
				632257B729B303C800D98430 /* example-ci-cd */,
			);
		};
/* End PBXProject section */

/* Begin PBXResourcesBuildPhase section */
		632257B629B303C800D98430 /* Resources */ = {
			isa = PBXResourcesBuildPhase;
			buildActionMask = 2147483647;
			files = (
				632257C829B303CA00D98430 /* LaunchScreen.storyboard in Resources */,
				632257C529B303CA00D98430 /* Assets.xcassets in Resources */,
				632257C329B303C800D98430 /* Main.storyboard in Resources */,
			);
			runOnlyForDeploymentPostprocessing = 0;
		};
/* End PBXResourcesBuildPhase section */

/* Begin PBXShellScriptBuildPhase section */
		835D0EFE695CD390EF678654 /* [CP] Embed Pods Frameworks */ = {
			isa = PBXShellScriptBuildPhase;
			buildActionMask = 2147483647;
			files = (
			);
			inputFileListPaths = (
				"${PODS_ROOT}/Target Support Files/Pods-example-ci-cd/Pods-example-ci-cd-frameworks-${CONFIGURATION}-input-files.xcfilelist",
			);
			name = "[CP] Embed Pods Frameworks";
			outputFileListPaths = (
				"${PODS_ROOT}/Target Support Files/Pods-example-ci-cd/Pods-example-ci-cd-frameworks-${CONFIGURATION}-output-files.xcfilelist",
			);
			runOnlyForDeploymentPostprocessing = 0;
			shellPath = /bin/sh;
			shellScript = "\"${PODS_ROOT}/Target Support Files/Pods-example-ci-cd/Pods-example-ci-cd-frameworks.sh\"\n";
			showEnvVarsInLog = 0;
		};
		A327349CB12920EFB43038A9 /* [CP] Check Pods Manifest.lock */ = {
			isa = PBXShellScriptBuildPhase;
			buildActionMask = 2147483647;
			files = (
			);
			inputFileListPaths = (
			);
			inputPaths = (
				"${PODS_PODFILE_DIR_PATH}/Podfile.lock",
				"${PODS_ROOT}/Manifest.lock",
			);
			name = "[CP] Check Pods Manifest.lock";
			outputFileListPaths = (
			);
			outputPaths = (
				"$(DERIVED_FILE_DIR)/Pods-example-ci-cd-checkManifestLockResult.txt",
			);
			runOnlyForDeploymentPostprocessing = 0;
			shellPath = /bin/sh;
			shellScript = "diff \"${PODS_PODFILE_DIR_PATH}/Podfile.lock\" \"${PODS_ROOT}/Manifest.lock\" > /dev/null\nif [ $? != 0 ] ; then\n    # print error to STDERR\n    echo \"error: The sandbox is not in sync with the Podfile.lock. Run 'pod install' or update your CocoaPods installation.\" >&2\n    exit 1\nfi\n# This output is used by Xcode 'outputs' to avoid re-running this script phase.\necho \"SUCCESS\" > \"${SCRIPT_OUTPUT_FILE_0}\"\n";
			showEnvVarsInLog = 0;
		};
/* End PBXShellScriptBuildPhase section */

/* Begin PBXSourcesBuildPhase section */
		632257B429B303C800D98430 /* Sources */ = {
			isa = PBXSourcesBuildPhase;
			buildActionMask = 2147483647;
			files = (
				632257C029B303C800D98430 /* ViewController.swift in Sources */,
				632257BC29B303C800D98430 /* AppDelegate.swift in Sources */,
				632257BE29B303C800D98430 /* SceneDelegate.swift in Sources */,
			);
			runOnlyForDeploymentPostprocessing = 0;
		};
/* End PBXSourcesBuildPhase section */

/* Begin PBXVariantGroup section */
		632257C129B303C800D98430 /* Main.storyboard */ = {
			isa = PBXVariantGroup;
			children = (
				632257C229B303C800D98430 /* Base */,
			);
			name = Main.storyboard;
			sourceTree = "<group>";
		};
		632257C629B303CA00D98430 /* LaunchScreen.storyboard */ = {
			isa = PBXVariantGroup;
			children = (
				632257C729B303CA00D98430 /* Base */,
			);
			name = LaunchScreen.storyboard;
			sourceTree = "<group>";
		};
/* End PBXVariantGroup section */

/* Begin XCBuildConfiguration section */
		632257CA29B303CA00D98430 /* Debug */ = {
			isa = XCBuildConfiguration;
			buildSettings = {
				ALWAYS_SEARCH_USER_PATHS = NO;
				CLANG_ANALYZER_NONNULL = YES;
				CLANG_ANALYZER_NUMBER_OBJECT_CONVERSION = YES_AGGRESSIVE;
				CLANG_CXX_LANGUAGE_STANDARD = "gnu++17";
				CLANG_CXX_LIBRARY = "libc++";
				CLANG_ENABLE_MODULES = YES;
				CLANG_ENABLE_OBJC_ARC = YES;
				CLANG_ENABLE_OBJC_WEAK = YES;
				CLANG_WARN_BLOCK_CAPTURE_AUTORELEASING = YES;
				CLANG_WARN_BOOL_CONVERSION = YES;
				CLANG_WARN_COMMA = YES;
				CLANG_WARN_CONSTANT_CONVERSION = YES;
				CLANG_WARN_DEPRECATED_OBJC_IMPLEMENTATIONS = YES;
				CLANG_WARN_DIRECT_OBJC_ISA_USAGE = YES_ERROR;
				CLANG_WARN_DOCUMENTATION_COMMENTS = YES;
				CLANG_WARN_EMPTY_BODY = YES;
				CLANG_WARN_ENUM_CONVERSION = YES;
				CLANG_WARN_INFINITE_RECURSION = YES;
				CLANG_WARN_INT_CONVERSION = YES;
				CLANG_WARN_NON_LITERAL_NULL_CONVERSION = YES;
				CLANG_WARN_OBJC_IMPLICIT_RETAIN_SELF = YES;
				CLANG_WARN_OBJC_LITERAL_CONVERSION = YES;
				CLANG_WARN_OBJC_ROOT_CLASS = YES_ERROR;
				CLANG_WARN_QUOTED_INCLUDE_IN_FRAMEWORK_HEADER = YES;
				CLANG_WARN_RANGE_LOOP_ANALYSIS = YES;
				CLANG_WARN_STRICT_PROTOTYPES = YES;
				CLANG_WARN_SUSPICIOUS_MOVE = YES;
				CLANG_WARN_UNGUARDED_AVAILABILITY = YES_AGGRESSIVE;
				CLANG_WARN_UNREACHABLE_CODE = YES;
				CLANG_WARN__DUPLICATE_METHOD_MATCH = YES;
				COPY_PHASE_STRIP = NO;
				DEBUG_INFORMATION_FORMAT = dwarf;
				ENABLE_STRICT_OBJC_MSGSEND = YES;
				ENABLE_TESTABILITY = YES;
				GCC_C_LANGUAGE_STANDARD = gnu11;
				GCC_DYNAMIC_NO_PIC = NO;
				GCC_NO_COMMON_BLOCKS = YES;
				GCC_OPTIMIZATION_LEVEL = 0;
				GCC_PREPROCESSOR_DEFINITIONS = (
					"DEBUG=1",
					"$(inherited)",
				);
				GCC_WARN_64_TO_32_BIT_CONVERSION = YES;
				GCC_WARN_ABOUT_RETURN_TYPE = YES_ERROR;
				GCC_WARN_UNDECLARED_SELECTOR = YES;
				GCC_WARN_UNINITIALIZED_AUTOS = YES_AGGRESSIVE;
				GCC_WARN_UNUSED_FUNCTION = YES;
				GCC_WARN_UNUSED_VARIABLE = YES;
				IPHONEOS_DEPLOYMENT_TARGET = 15.2;
				MTL_ENABLE_DEBUG_INFO = INCLUDE_SOURCE;
				MTL_FAST_MATH = YES;
				ONLY_ACTIVE_ARCH = YES;
				SDKROOT = iphoneos;
				SWIFT_ACTIVE_COMPILATION_CONDITIONS = DEBUG;
				SWIFT_OPTIMIZATION_LEVEL = "-Onone";
			};
			name = Debug;
		};
		632257CB29B303CA00D98430 /* Release */ = {
			isa = XCBuildConfiguration;
			buildSettings = {
				ALWAYS_SEARCH_USER_PATHS = NO;
				CLANG_ANALYZER_NONNULL = YES;
				CLANG_ANALYZER_NUMBER_OBJECT_CONVERSION = YES_AGGRESSIVE;
				CLANG_CXX_LANGUAGE_STANDARD = "gnu++17";
				CLANG_CXX_LIBRARY = "libc++";
				CLANG_ENABLE_MODULES = YES;
				CLANG_ENABLE_OBJC_ARC = YES;
				CLANG_ENABLE_OBJC_WEAK = YES;
				CLANG_WARN_BLOCK_CAPTURE_AUTORELEASING = YES;
				CLANG_WARN_BOOL_CONVERSION = YES;
				CLANG_WARN_COMMA = YES;
				CLANG_WARN_CONSTANT_CONVERSION = YES;
				CLANG_WARN_DEPRECATED_OBJC_IMPLEMENTATIONS = YES;
				CLANG_WARN_DIRECT_OBJC_ISA_USAGE = YES_ERROR;
				CLANG_WARN_DOCUMENTATION_COMMENTS = YES;
				CLANG_WARN_EMPTY_BODY = YES;
				CLANG_WARN_ENUM_CONVERSION = YES;
				CLANG_WARN_INFINITE_RECURSION = YES;
				CLANG_WARN_INT_CONVERSION = YES;
				CLANG_WARN_NON_LITERAL_NULL_CONVERSION = YES;
				CLANG_WARN_OBJC_IMPLICIT_RETAIN_SELF = YES;
				CLANG_WARN_OBJC_LITERAL_CONVERSION = YES;
				CLANG_WARN_OBJC_ROOT_CLASS = YES_ERROR;
				CLANG_WARN_QUOTED_INCLUDE_IN_FRAMEWORK_HEADER = YES;
				CLANG_WARN_RANGE_LOOP_ANALYSIS = YES;
				CLANG_WARN_STRICT_PROTOTYPES = YES;
				CLANG_WARN_SUSPICIOUS_MOVE = YES;
				CLANG_WARN_UNGUARDED_AVAILABILITY = YES_AGGRESSIVE;
				CLANG_WARN_UNREACHABLE_CODE = YES;
				CLANG_WARN__DUPLICATE_METHOD_MATCH = YES;
				COPY_PHASE_STRIP = NO;
				DEBUG_INFORMATION_FORMAT = "dwarf-with-dsym";
				ENABLE_NS_ASSERTIONS = NO;
				ENABLE_STRICT_OBJC_MSGSEND = YES;
				GCC_C_LANGUAGE_STANDARD = gnu11;
				GCC_NO_COMMON_BLOCKS = YES;
				GCC_WARN_64_TO_32_BIT_CONVERSION = YES;
				GCC_WARN_ABOUT_RETURN_TYPE = YES_ERROR;
				GCC_WARN_UNDECLARED_SELECTOR = YES;
				GCC_WARN_UNINITIALIZED_AUTOS = YES_AGGRESSIVE;
				GCC_WARN_UNUSED_FUNCTION = YES;
				GCC_WARN_UNUSED_VARIABLE = YES;
				IPHONEOS_DEPLOYMENT_TARGET = 15.2;
				MTL_ENABLE_DEBUG_INFO = NO;
				MTL_FAST_MATH = YES;
				SDKROOT = iphoneos;
				SWIFT_COMPILATION_MODE = wholemodule;
				SWIFT_OPTIMIZATION_LEVEL = "-O";
				VALIDATE_PRODUCT = YES;
			};
			name = Release;
		};
		632257CD29B303CA00D98430 /* Debug */ = {
			isa = XCBuildConfiguration;
			baseConfigurationReference = 7385AD2F3607E94C56694BF0 /* Pods-example-ci-cd.debug.xcconfig */;
			buildSettings = {
				ASSETCATALOG_COMPILER_APPICON_NAME = AppIcon;
				ASSETCATALOG_COMPILER_GLOBAL_ACCENT_COLOR_NAME = AccentColor;
				CODE_SIGN_STYLE = Automatic;
				CURRENT_PROJECT_VERSION = 1;
				DEVELOPMENT_TEAM = RTY522C6KD;
				GENERATE_INFOPLIST_FILE = YES;
				INFOPLIST_FILE = "example-ci-cd/Info.plist";
				INFOPLIST_KEY_UIApplicationSupportsIndirectInputEvents = YES;
				INFOPLIST_KEY_UILaunchStoryboardName = LaunchScreen;
				INFOPLIST_KEY_UIMainStoryboardFile = Main;
				INFOPLIST_KEY_UISupportedInterfaceOrientations_iPad = "UIInterfaceOrientationPortrait UIInterfaceOrientationPortraitUpsideDown UIInterfaceOrientationLandscapeLeft UIInterfaceOrientationLandscapeRight";
				INFOPLIST_KEY_UISupportedInterfaceOrientations_iPhone = "UIInterfaceOrientationPortrait UIInterfaceOrientationLandscapeLeft UIInterfaceOrientationLandscapeRight";
				LD_RUNPATH_SEARCH_PATHS = (
					"$(inherited)",
					"@executable_path/Frameworks",
				);
				MARKETING_VERSION = 1.0;
				PRODUCT_BUNDLE_IDENTIFIER = "com.omc.quenv.example-ci-cd";
				PRODUCT_NAME = "$(TARGET_NAME)";
				SWIFT_EMIT_LOC_STRINGS = YES;
				SWIFT_VERSION = 5.0;
				TARGETED_DEVICE_FAMILY = "1,2";
			};
			name = Debug;
		};
		632257CE29B303CA00D98430 /* Release */ = {
			isa = XCBuildConfiguration;
			baseConfigurationReference = 46CA98846E941DEFDE500E72 /* Pods-example-ci-cd.release.xcconfig */;
			buildSettings = {
				ASSETCATALOG_COMPILER_APPICON_NAME = AppIcon;
				ASSETCATALOG_COMPILER_GLOBAL_ACCENT_COLOR_NAME = AccentColor;
				CODE_SIGN_STYLE = Automatic;
				CURRENT_PROJECT_VERSION = 1;
				DEVELOPMENT_TEAM = RTY522C6KD;
				GENERATE_INFOPLIST_FILE = YES;
				INFOPLIST_FILE = "example-ci-cd/Info.plist";
				INFOPLIST_KEY_UIApplicationSupportsIndirectInputEvents = YES;
				INFOPLIST_KEY_UILaunchStoryboardName = LaunchScreen;
				INFOPLIST_KEY_UIMainStoryboardFile = Main;
				INFOPLIST_KEY_UISupportedInterfaceOrientations_iPad = "UIInterfaceOrientationPortrait UIInterfaceOrientationPortraitUpsideDown UIInterfaceOrientationLandscapeLeft UIInterfaceOrientationLandscapeRight";
				INFOPLIST_KEY_UISupportedInterfaceOrientations_iPhone = "UIInterfaceOrientationPortrait UIInterfaceOrientationLandscapeLeft UIInterfaceOrientationLandscapeRight";
				LD_RUNPATH_SEARCH_PATHS = (
					"$(inherited)",
					"@executable_path/Frameworks",
				);
				MARKETING_VERSION = 1.0;
				PRODUCT_BUNDLE_IDENTIFIER = "com.omc.quenv.example-ci-cd";
				PRODUCT_NAME = "$(TARGET_NAME)";
				SWIFT_EMIT_LOC_STRINGS = YES;
				SWIFT_VERSION = 5.0;
				TARGETED_DEVICE_FAMILY = "1,2";
			};
			name = Release;
		};
/* End XCBuildConfiguration section */

/* Begin XCConfigurationList section */
		632257B329B303C800D98430 /* Build configuration list for PBXProject "example-ci-cd" */ = {
			isa = XCConfigurationList;
			buildConfigurations = (
				632257CA29B303CA00D98430 /* Debug */,
				632257CB29B303CA00D98430 /* Release */,
			);
			defaultConfigurationIsVisible = 0;
			defaultConfigurationName = Release;
		};
		632257CC29B303CA00D98430 /* Build configuration list for PBXNativeTarget "example-ci-cd" */ = {
			isa = XCConfigurationList;
			buildConfigurations = (
				632257CD29B303CA00D98430 /* Debug */,
				632257CE29B303CA00D98430 /* Release */,
			);
			defaultConfigurationIsVisible = 0;
			defaultConfigurationName = Release;
		};
/* End XCConfigurationList section */
	};
	rootObject = 632257B029B303C800D98430 /* Project object */;
}
